// !$*UTF8*$!
{
	archiveVersion = 1;
	classes = {
	};
	objectVersion = 46;
	objects = {

/* Begin PBXBuildFile section */
		009C4C6C1D9F0CD600F0BC6C /* AppDelegate.swift in Sources */ = {isa = PBXBuildFile; fileRef = 009C4C6B1D9F0CD600F0BC6C /* AppDelegate.swift */; };
		009C4C6E1D9F0CD600F0BC6C /* TimelineViewController.swift in Sources */ = {isa = PBXBuildFile; fileRef = 009C4C6D1D9F0CD600F0BC6C /* TimelineViewController.swift */; };
		009C4C731D9F0CD600F0BC6C /* Assets.xcassets in Resources */ = {isa = PBXBuildFile; fileRef = 009C4C721D9F0CD600F0BC6C /* Assets.xcassets */; };
		009C4C761D9F0CD600F0BC6C /* LaunchScreen.storyboard in Resources */ = {isa = PBXBuildFile; fileRef = 009C4C741D9F0CD600F0BC6C /* LaunchScreen.storyboard */; };
		009C4C8C1D9F0CD600F0BC6C /* OpenTweetUITests.swift in Sources */ = {isa = PBXBuildFile; fileRef = 009C4C8B1D9F0CD600F0BC6C /* OpenTweetUITests.swift */; };
		009C4C9B1D9F0D4100F0BC6C /* timeline.json in Resources */ = {isa = PBXBuildFile; fileRef = 009C4C9A1D9F0D4100F0BC6C /* timeline.json */; };
		2DA4FADB2922999D00EA77B3 /* TimelineDTO.swift in Sources */ = {isa = PBXBuildFile; fileRef = 2DA4FADA2922999D00EA77B3 /* TimelineDTO.swift */; };
		2DA4FADD29229B5900EA77B3 /* Tweet.swift in Sources */ = {isa = PBXBuildFile; fileRef = 2DA4FADC29229B5900EA77B3 /* Tweet.swift */; };
		2DA4FADF2922A6D700EA77B3 /* Author.swift in Sources */ = {isa = PBXBuildFile; fileRef = 2DA4FADE2922A6D700EA77B3 /* Author.swift */; };
		2DA4FAE62922AFB000EA77B3 /* TimelineDTOTests.swift in Sources */ = {isa = PBXBuildFile; fileRef = 2DA4FAE52922AFB000EA77B3 /* TimelineDTOTests.swift */; };
		2DA4FAE92922B0D800EA77B3 /* TimelineDTOFixture.json in Resources */ = {isa = PBXBuildFile; fileRef = 2DA4FAE82922B0D800EA77B3 /* TimelineDTOFixture.json */; };
		2DA4FAEB2922B13100EA77B3 /* Fixtures.swift in Sources */ = {isa = PBXBuildFile; fileRef = 2DA4FAEA2922B13100EA77B3 /* Fixtures.swift */; };
		2DA4FAED2922B72C00EA77B3 /* TweetTests.swift in Sources */ = {isa = PBXBuildFile; fileRef = 2DA4FAEC2922B72C00EA77B3 /* TweetTests.swift */; };
		2DA4FAEF2922B76200EA77B3 /* TweetFixture.json in Resources */ = {isa = PBXBuildFile; fileRef = 2DA4FAEE2922B76200EA77B3 /* TweetFixture.json */; };
		2DA4FAF12922B83400EA77B3 /* TweetReplyingToTweetFixture.json in Resources */ = {isa = PBXBuildFile; fileRef = 2DA4FAF02922B83400EA77B3 /* TweetReplyingToTweetFixture.json */; };
		2DA4FAF52922DA0300EA77B3 /* ReadContext.swift in Sources */ = {isa = PBXBuildFile; fileRef = 2DA4FAF42922DA0300EA77B3 /* ReadContext.swift */; };
		2DA4FAF72922DA8F00EA77B3 /* LocalTweetsContext.swift in Sources */ = {isa = PBXBuildFile; fileRef = 2DA4FAF62922DA8F00EA77B3 /* LocalTweetsContext.swift */; };
		2DA4FAFA2922E15600EA77B3 /* LocalTweetsContextTests.swift in Sources */ = {isa = PBXBuildFile; fileRef = 2DA4FAF92922E15600EA77B3 /* LocalTweetsContextTests.swift */; };
		2DA4FAFD2922E5DF00EA77B3 /* XCTest+Additions.swift in Sources */ = {isa = PBXBuildFile; fileRef = 2DA4FAFC2922E5DF00EA77B3 /* XCTest+Additions.swift */; };
		2DA4FAFF2922E82100EA77B3 /* Empty.json in Resources */ = {isa = PBXBuildFile; fileRef = 2DA4FAFE2922E82100EA77B3 /* Empty.json */; };
		2DA4FB022922F02500EA77B3 /* TweetCell.swift in Sources */ = {isa = PBXBuildFile; fileRef = 2DA4FB012922F02500EA77B3 /* TweetCell.swift */; };
		2DA4FB052922F5CD00EA77B3 /* TimelineViewModel.swift in Sources */ = {isa = PBXBuildFile; fileRef = 2DA4FB042922F5CD00EA77B3 /* TimelineViewModel.swift */; };
		2DA4FB072923006200EA77B3 /* SceneDelegate.swift in Sources */ = {isa = PBXBuildFile; fileRef = 2DA4FB062923006200EA77B3 /* SceneDelegate.swift */; };
		2DA4FB0A2927EACC00EA77B3 /* TimelineViewControllerTests.swift in Sources */ = {isa = PBXBuildFile; fileRef = 2DA4FB092927EACC00EA77B3 /* TimelineViewControllerTests.swift */; };
		2DA4FB0C2927EB9D00EA77B3 /* Localizable.strings in Resources */ = {isa = PBXBuildFile; fileRef = 2DA4FB0B2927EB9D00EA77B3 /* Localizable.strings */; };
		2DA4FB0E2927F39900EA77B3 /* UIView+Additions.swift in Sources */ = {isa = PBXBuildFile; fileRef = 2DA4FB0D2927F39900EA77B3 /* UIView+Additions.swift */; };
		2DA4FB1329296E4200EA77B3 /* TimelineViewModelTests.swift in Sources */ = {isa = PBXBuildFile; fileRef = 2DA4FB1229296E4200EA77B3 /* TimelineViewModelTests.swift */; };
		2DA4FB16292976A500EA77B3 /* TweetCellTests.swift in Sources */ = {isa = PBXBuildFile; fileRef = 2DA4FB15292976A500EA77B3 /* TweetCellTests.swift */; };
/* End PBXBuildFile section */

/* Begin PBXContainerItemProxy section */
		009C4C7D1D9F0CD600F0BC6C /* PBXContainerItemProxy */ = {
			isa = PBXContainerItemProxy;
			containerPortal = 009C4C601D9F0CD600F0BC6C /* Project object */;
			proxyType = 1;
			remoteGlobalIDString = 009C4C671D9F0CD600F0BC6C;
			remoteInfo = OpenTweet;
		};
		009C4C881D9F0CD600F0BC6C /* PBXContainerItemProxy */ = {
			isa = PBXContainerItemProxy;
			containerPortal = 009C4C601D9F0CD600F0BC6C /* Project object */;
			proxyType = 1;
			remoteGlobalIDString = 009C4C671D9F0CD600F0BC6C;
			remoteInfo = OpenTweet;
		};
/* End PBXContainerItemProxy section */

/* Begin PBXFileReference section */
		009C4C681D9F0CD600F0BC6C /* OpenTweet.app */ = {isa = PBXFileReference; explicitFileType = wrapper.application; includeInIndex = 0; path = OpenTweet.app; sourceTree = BUILT_PRODUCTS_DIR; };
		009C4C6B1D9F0CD600F0BC6C /* AppDelegate.swift */ = {isa = PBXFileReference; lastKnownFileType = sourcecode.swift; path = AppDelegate.swift; sourceTree = "<group>"; };
		009C4C6D1D9F0CD600F0BC6C /* TimelineViewController.swift */ = {isa = PBXFileReference; lastKnownFileType = sourcecode.swift; path = TimelineViewController.swift; sourceTree = "<group>"; };
		009C4C721D9F0CD600F0BC6C /* Assets.xcassets */ = {isa = PBXFileReference; lastKnownFileType = folder.assetcatalog; path = Assets.xcassets; sourceTree = "<group>"; };
		009C4C751D9F0CD600F0BC6C /* Base */ = {isa = PBXFileReference; lastKnownFileType = file.storyboard; name = Base; path = Base.lproj/LaunchScreen.storyboard; sourceTree = "<group>"; };
		009C4C771D9F0CD600F0BC6C /* Info.plist */ = {isa = PBXFileReference; lastKnownFileType = text.plist.xml; path = Info.plist; sourceTree = "<group>"; };
		009C4C7C1D9F0CD600F0BC6C /* OpenTweetTests.xctest */ = {isa = PBXFileReference; explicitFileType = wrapper.cfbundle; includeInIndex = 0; path = OpenTweetTests.xctest; sourceTree = BUILT_PRODUCTS_DIR; };
		009C4C821D9F0CD600F0BC6C /* Info.plist */ = {isa = PBXFileReference; lastKnownFileType = text.plist.xml; path = Info.plist; sourceTree = "<group>"; };
		009C4C871D9F0CD600F0BC6C /* OpenTweetUITests.xctest */ = {isa = PBXFileReference; explicitFileType = wrapper.cfbundle; includeInIndex = 0; path = OpenTweetUITests.xctest; sourceTree = BUILT_PRODUCTS_DIR; };
		009C4C8B1D9F0CD600F0BC6C /* OpenTweetUITests.swift */ = {isa = PBXFileReference; lastKnownFileType = sourcecode.swift; path = OpenTweetUITests.swift; sourceTree = "<group>"; };
		009C4C8D1D9F0CD600F0BC6C /* Info.plist */ = {isa = PBXFileReference; lastKnownFileType = text.plist.xml; path = Info.plist; sourceTree = "<group>"; };
		009C4C9A1D9F0D4100F0BC6C /* timeline.json */ = {isa = PBXFileReference; fileEncoding = 4; lastKnownFileType = text.json; path = timeline.json; sourceTree = "<group>"; };
		009C4C9D1D9F104800F0BC6C /* README.md */ = {isa = PBXFileReference; lastKnownFileType = net.daringfireball.markdown; path = README.md; sourceTree = "<group>"; };
		2DA4FADA2922999D00EA77B3 /* TimelineDTO.swift */ = {isa = PBXFileReference; lastKnownFileType = sourcecode.swift; path = TimelineDTO.swift; sourceTree = "<group>"; };
		2DA4FADC29229B5900EA77B3 /* Tweet.swift */ = {isa = PBXFileReference; lastKnownFileType = sourcecode.swift; path = Tweet.swift; sourceTree = "<group>"; };
		2DA4FADE2922A6D700EA77B3 /* Author.swift */ = {isa = PBXFileReference; lastKnownFileType = sourcecode.swift; path = Author.swift; sourceTree = "<group>"; };
		2DA4FAE52922AFB000EA77B3 /* TimelineDTOTests.swift */ = {isa = PBXFileReference; lastKnownFileType = sourcecode.swift; path = TimelineDTOTests.swift; sourceTree = "<group>"; };
		2DA4FAE82922B0D800EA77B3 /* TimelineDTOFixture.json */ = {isa = PBXFileReference; lastKnownFileType = text.json; path = TimelineDTOFixture.json; sourceTree = "<group>"; };
		2DA4FAEA2922B13100EA77B3 /* Fixtures.swift */ = {isa = PBXFileReference; lastKnownFileType = sourcecode.swift; path = Fixtures.swift; sourceTree = "<group>"; };
		2DA4FAEC2922B72C00EA77B3 /* TweetTests.swift */ = {isa = PBXFileReference; lastKnownFileType = sourcecode.swift; path = TweetTests.swift; sourceTree = "<group>"; };
		2DA4FAEE2922B76200EA77B3 /* TweetFixture.json */ = {isa = PBXFileReference; lastKnownFileType = text.json; path = TweetFixture.json; sourceTree = "<group>"; };
		2DA4FAF02922B83400EA77B3 /* TweetReplyingToTweetFixture.json */ = {isa = PBXFileReference; lastKnownFileType = text.json; path = TweetReplyingToTweetFixture.json; sourceTree = "<group>"; };
		2DA4FAF42922DA0300EA77B3 /* ReadContext.swift */ = {isa = PBXFileReference; lastKnownFileType = sourcecode.swift; path = ReadContext.swift; sourceTree = "<group>"; };
		2DA4FAF62922DA8F00EA77B3 /* LocalTweetsContext.swift */ = {isa = PBXFileReference; lastKnownFileType = sourcecode.swift; path = LocalTweetsContext.swift; sourceTree = "<group>"; };
		2DA4FAF92922E15600EA77B3 /* LocalTweetsContextTests.swift */ = {isa = PBXFileReference; lastKnownFileType = sourcecode.swift; path = LocalTweetsContextTests.swift; sourceTree = "<group>"; };
		2DA4FAFC2922E5DF00EA77B3 /* XCTest+Additions.swift */ = {isa = PBXFileReference; lastKnownFileType = sourcecode.swift; path = "XCTest+Additions.swift"; sourceTree = "<group>"; };
		2DA4FAFE2922E82100EA77B3 /* Empty.json */ = {isa = PBXFileReference; lastKnownFileType = text.json; path = Empty.json; sourceTree = "<group>"; };
		2DA4FB012922F02500EA77B3 /* TweetCell.swift */ = {isa = PBXFileReference; lastKnownFileType = sourcecode.swift; path = TweetCell.swift; sourceTree = "<group>"; };
		2DA4FB042922F5CD00EA77B3 /* TimelineViewModel.swift */ = {isa = PBXFileReference; lastKnownFileType = sourcecode.swift; path = TimelineViewModel.swift; sourceTree = "<group>"; };
		2DA4FB062923006200EA77B3 /* SceneDelegate.swift */ = {isa = PBXFileReference; lastKnownFileType = sourcecode.swift; path = SceneDelegate.swift; sourceTree = "<group>"; };
		2DA4FB092927EACC00EA77B3 /* TimelineViewControllerTests.swift */ = {isa = PBXFileReference; lastKnownFileType = sourcecode.swift; path = TimelineViewControllerTests.swift; sourceTree = "<group>"; };
		2DA4FB0B2927EB9D00EA77B3 /* Localizable.strings */ = {isa = PBXFileReference; lastKnownFileType = text.plist.strings; path = Localizable.strings; sourceTree = "<group>"; };
		2DA4FB0D2927F39900EA77B3 /* UIView+Additions.swift */ = {isa = PBXFileReference; lastKnownFileType = sourcecode.swift; path = "UIView+Additions.swift"; sourceTree = "<group>"; };
		2DA4FB1229296E4200EA77B3 /* TimelineViewModelTests.swift */ = {isa = PBXFileReference; lastKnownFileType = sourcecode.swift; path = TimelineViewModelTests.swift; sourceTree = "<group>"; };
		2DA4FB15292976A500EA77B3 /* TweetCellTests.swift */ = {isa = PBXFileReference; lastKnownFileType = sourcecode.swift; path = TweetCellTests.swift; sourceTree = "<group>"; };
/* End PBXFileReference section */

/* Begin PBXFrameworksBuildPhase section */
		009C4C651D9F0CD600F0BC6C /* Frameworks */ = {
			isa = PBXFrameworksBuildPhase;
			buildActionMask = 2147483647;
			files = (
			);
			runOnlyForDeploymentPostprocessing = 0;
		};
		009C4C791D9F0CD600F0BC6C /* Frameworks */ = {
			isa = PBXFrameworksBuildPhase;
			buildActionMask = 2147483647;
			files = (
			);
			runOnlyForDeploymentPostprocessing = 0;
		};
		009C4C841D9F0CD600F0BC6C /* Frameworks */ = {
			isa = PBXFrameworksBuildPhase;
			buildActionMask = 2147483647;
			files = (
			);
			runOnlyForDeploymentPostprocessing = 0;
		};
/* End PBXFrameworksBuildPhase section */

/* Begin PBXGroup section */
		009C4C5F1D9F0CD600F0BC6C = {
			isa = PBXGroup;
			children = (
				009C4C6A1D9F0CD600F0BC6C /* OpenTweet */,
				009C4C991D9F0D4100F0BC6C /* Data */,
				009C4C7F1D9F0CD600F0BC6C /* OpenTweetTests */,
				009C4C8A1D9F0CD600F0BC6C /* OpenTweetUITests */,
				009C4C691D9F0CD600F0BC6C /* Products */,
				009C4C9D1D9F104800F0BC6C /* README.md */,
			);
			sourceTree = "<group>";
		};
		009C4C691D9F0CD600F0BC6C /* Products */ = {
			isa = PBXGroup;
			children = (
				009C4C681D9F0CD600F0BC6C /* OpenTweet.app */,
				009C4C7C1D9F0CD600F0BC6C /* OpenTweetTests.xctest */,
				009C4C871D9F0CD600F0BC6C /* OpenTweetUITests.xctest */,
			);
			name = Products;
			sourceTree = "<group>";
		};
		009C4C6A1D9F0CD600F0BC6C /* OpenTweet */ = {
			isa = PBXGroup;
			children = (
				009C4C6B1D9F0CD600F0BC6C /* AppDelegate.swift */,
				2DA4FB062923006200EA77B3 /* SceneDelegate.swift */,
				2DA4FAF32922D9CA00EA77B3 /* Contexts */,
				2DA4FAD92922997D00EA77B3 /* Models */,
				2DA4FAF22922D9AB00EA77B3 /* ViewControllers */,
				2DA4FB032922F5B800EA77B3 /* ViewModels */,
				2DA4FB002922F00E00EA77B3 /* Views */,
				009C4C741D9F0CD600F0BC6C /* LaunchScreen.storyboard */,
				009C4C721D9F0CD600F0BC6C /* Assets.xcassets */,
				009C4C771D9F0CD600F0BC6C /* Info.plist */,
				2DA4FB0B2927EB9D00EA77B3 /* Localizable.strings */,
			);
			path = OpenTweet;
			sourceTree = "<group>";
		};
		009C4C7F1D9F0CD600F0BC6C /* OpenTweetTests */ = {
			isa = PBXGroup;
			children = (
				2DA4FAF82922E13700EA77B3 /* Contexts */,
				2DA4FAE02922AF4000EA77B3 /* Models */,
				2DA4FB082927EAA600EA77B3 /* ViewControllers */,
				2DA4FB1129296E0300EA77B3 /* ViewModels */,
				2DA4FB142929768E00EA77B3 /* Views */,
				2DA4FAE72922B08900EA77B3 /* Fixtures */,
				2DA4FAFB2922E5CC00EA77B3 /* Utilities */,
				009C4C821D9F0CD600F0BC6C /* Info.plist */,
			);
			path = OpenTweetTests;
			sourceTree = "<group>";
		};
		009C4C8A1D9F0CD600F0BC6C /* OpenTweetUITests */ = {
			isa = PBXGroup;
			children = (
				009C4C8B1D9F0CD600F0BC6C /* OpenTweetUITests.swift */,
				009C4C8D1D9F0CD600F0BC6C /* Info.plist */,
			);
			path = OpenTweetUITests;
			sourceTree = "<group>";
		};
		009C4C991D9F0D4100F0BC6C /* Data */ = {
			isa = PBXGroup;
			children = (
				009C4C9A1D9F0D4100F0BC6C /* timeline.json */,
			);
			path = Data;
			sourceTree = "<group>";
		};
		2DA4FAD92922997D00EA77B3 /* Models */ = {
			isa = PBXGroup;
			children = (
				2DA4FAE32922AF7700EA77B3 /* DTOs */,
				2DA4FADC29229B5900EA77B3 /* Tweet.swift */,
				2DA4FADE2922A6D700EA77B3 /* Author.swift */,
			);
			path = Models;
			sourceTree = "<group>";
		};
		2DA4FAE02922AF4000EA77B3 /* Models */ = {
			isa = PBXGroup;
			children = (
				2DA4FAE42922AF8500EA77B3 /* DTOs */,
				2DA4FAEC2922B72C00EA77B3 /* TweetTests.swift */,
			);
			path = Models;
			sourceTree = "<group>";
		};
		2DA4FAE32922AF7700EA77B3 /* DTOs */ = {
			isa = PBXGroup;
			children = (
				2DA4FADA2922999D00EA77B3 /* TimelineDTO.swift */,
			);
			path = DTOs;
			sourceTree = "<group>";
		};
		2DA4FAE42922AF8500EA77B3 /* DTOs */ = {
			isa = PBXGroup;
			children = (
				2DA4FAE52922AFB000EA77B3 /* TimelineDTOTests.swift */,
			);
			path = DTOs;
			sourceTree = "<group>";
		};
		2DA4FAE72922B08900EA77B3 /* Fixtures */ = {
			isa = PBXGroup;
			children = (
				2DA4FAE82922B0D800EA77B3 /* TimelineDTOFixture.json */,
				2DA4FAEE2922B76200EA77B3 /* TweetFixture.json */,
				2DA4FAF02922B83400EA77B3 /* TweetReplyingToTweetFixture.json */,
				2DA4FAFE2922E82100EA77B3 /* Empty.json */,
				2DA4FAEA2922B13100EA77B3 /* Fixtures.swift */,
			);
			path = Fixtures;
			sourceTree = "<group>";
		};
		2DA4FAF22922D9AB00EA77B3 /* ViewControllers */ = {
			isa = PBXGroup;
			children = (
				009C4C6D1D9F0CD600F0BC6C /* TimelineViewController.swift */,
			);
			path = ViewControllers;
			sourceTree = "<group>";
		};
		2DA4FAF32922D9CA00EA77B3 /* Contexts */ = {
			isa = PBXGroup;
			children = (
				2DA4FAF42922DA0300EA77B3 /* ReadContext.swift */,
				2DA4FAF62922DA8F00EA77B3 /* LocalTweetsContext.swift */,
			);
			path = Contexts;
			sourceTree = "<group>";
		};
		2DA4FAF82922E13700EA77B3 /* Contexts */ = {
			isa = PBXGroup;
			children = (
				2DA4FAF92922E15600EA77B3 /* LocalTweetsContextTests.swift */,
			);
			path = Contexts;
			sourceTree = "<group>";
		};
		2DA4FAFB2922E5CC00EA77B3 /* Utilities */ = {
			isa = PBXGroup;
			children = (
				2DA4FAFC2922E5DF00EA77B3 /* XCTest+Additions.swift */,
				2DA4FB0D2927F39900EA77B3 /* UIView+Additions.swift */,
			);
			path = Utilities;
			sourceTree = "<group>";
		};
		2DA4FB002922F00E00EA77B3 /* Views */ = {
			isa = PBXGroup;
			children = (
				2DA4FB012922F02500EA77B3 /* TweetCell.swift */,
			);
			path = Views;
			sourceTree = "<group>";
		};
		2DA4FB032922F5B800EA77B3 /* ViewModels */ = {
			isa = PBXGroup;
			children = (
				2DA4FB042922F5CD00EA77B3 /* TimelineViewModel.swift */,
			);
			path = ViewModels;
			sourceTree = "<group>";
		};
		2DA4FB082927EAA600EA77B3 /* ViewControllers */ = {
			isa = PBXGroup;
			children = (
				2DA4FB092927EACC00EA77B3 /* TimelineViewControllerTests.swift */,
			);
			path = ViewControllers;
			sourceTree = "<group>";
		};
		2DA4FB1129296E0300EA77B3 /* ViewModels */ = {
			isa = PBXGroup;
			children = (
				2DA4FB1229296E4200EA77B3 /* TimelineViewModelTests.swift */,
			);
			path = ViewModels;
			sourceTree = "<group>";
		};
		2DA4FB142929768E00EA77B3 /* Views */ = {
			isa = PBXGroup;
			children = (
				2DA4FB15292976A500EA77B3 /* TweetCellTests.swift */,
			);
			path = Views;
			sourceTree = "<group>";
		};
/* End PBXGroup section */

/* Begin PBXNativeTarget section */
		009C4C671D9F0CD600F0BC6C /* OpenTweet */ = {
			isa = PBXNativeTarget;
			buildConfigurationList = 009C4C901D9F0CD600F0BC6C /* Build configuration list for PBXNativeTarget "OpenTweet" */;
			buildPhases = (
				009C4C641D9F0CD600F0BC6C /* Sources */,
				009C4C651D9F0CD600F0BC6C /* Frameworks */,
				009C4C661D9F0CD600F0BC6C /* Resources */,
			);
			buildRules = (
			);
			dependencies = (
			);
			name = OpenTweet;
			productName = OpenTweet;
			productReference = 009C4C681D9F0CD600F0BC6C /* OpenTweet.app */;
			productType = "com.apple.product-type.application";
		};
		009C4C7B1D9F0CD600F0BC6C /* OpenTweetTests */ = {
			isa = PBXNativeTarget;
			buildConfigurationList = 009C4C931D9F0CD600F0BC6C /* Build configuration list for PBXNativeTarget "OpenTweetTests" */;
			buildPhases = (
				009C4C781D9F0CD600F0BC6C /* Sources */,
				009C4C791D9F0CD600F0BC6C /* Frameworks */,
				009C4C7A1D9F0CD600F0BC6C /* Resources */,
			);
			buildRules = (
			);
			dependencies = (
				009C4C7E1D9F0CD600F0BC6C /* PBXTargetDependency */,
			);
			name = OpenTweetTests;
			productName = OpenTweetTests;
			productReference = 009C4C7C1D9F0CD600F0BC6C /* OpenTweetTests.xctest */;
			productType = "com.apple.product-type.bundle.unit-test";
		};
		009C4C861D9F0CD600F0BC6C /* OpenTweetUITests */ = {
			isa = PBXNativeTarget;
			buildConfigurationList = 009C4C961D9F0CD600F0BC6C /* Build configuration list for PBXNativeTarget "OpenTweetUITests" */;
			buildPhases = (
				009C4C831D9F0CD600F0BC6C /* Sources */,
				009C4C841D9F0CD600F0BC6C /* Frameworks */,
				009C4C851D9F0CD600F0BC6C /* Resources */,
			);
			buildRules = (
			);
			dependencies = (
				009C4C891D9F0CD600F0BC6C /* PBXTargetDependency */,
			);
			name = OpenTweetUITests;
			productName = OpenTweetUITests;
			productReference = 009C4C871D9F0CD600F0BC6C /* OpenTweetUITests.xctest */;
			productType = "com.apple.product-type.bundle.ui-testing";
		};
/* End PBXNativeTarget section */

/* Begin PBXProject section */
		009C4C601D9F0CD600F0BC6C /* Project object */ = {
			isa = PBXProject;
			attributes = {
				LastSwiftUpdateCheck = 0800;
				LastUpgradeCheck = 1240;
				ORGANIZATIONNAME = "OpenTable, Inc.";
				TargetAttributes = {
					009C4C671D9F0CD600F0BC6C = {
						CreatedOnToolsVersion = 8.0;
						DevelopmentTeam = QPU8QS3E62;
						ProvisioningStyle = Automatic;
					};
					009C4C7B1D9F0CD600F0BC6C = {
						CreatedOnToolsVersion = 8.0;
						DevelopmentTeam = QPU8QS3E62;
						ProvisioningStyle = Automatic;
						TestTargetID = 009C4C671D9F0CD600F0BC6C;
					};
					009C4C861D9F0CD600F0BC6C = {
						CreatedOnToolsVersion = 8.0;
						DevelopmentTeam = QPU8QS3E62;
						ProvisioningStyle = Automatic;
						TestTargetID = 009C4C671D9F0CD600F0BC6C;
					};
				};
			};
			buildConfigurationList = 009C4C631D9F0CD600F0BC6C /* Build configuration list for PBXProject "OpenTweet" */;
			compatibilityVersion = "Xcode 3.2";
			developmentRegion = en;
			hasScannedForEncodings = 0;
			knownRegions = (
				en,
				Base,
			);
			mainGroup = 009C4C5F1D9F0CD600F0BC6C;
			productRefGroup = 009C4C691D9F0CD600F0BC6C /* Products */;
			projectDirPath = "";
			projectRoot = "";
			targets = (
				009C4C671D9F0CD600F0BC6C /* OpenTweet */,
				009C4C7B1D9F0CD600F0BC6C /* OpenTweetTests */,
				009C4C861D9F0CD600F0BC6C /* OpenTweetUITests */,
			);
		};
/* End PBXProject section */

/* Begin PBXResourcesBuildPhase section */
		009C4C661D9F0CD600F0BC6C /* Resources */ = {
			isa = PBXResourcesBuildPhase;
			buildActionMask = 2147483647;
			files = (
				009C4C9B1D9F0D4100F0BC6C /* timeline.json in Resources */,
				2DA4FB0C2927EB9D00EA77B3 /* Localizable.strings in Resources */,
				009C4C761D9F0CD600F0BC6C /* LaunchScreen.storyboard in Resources */,
				009C4C731D9F0CD600F0BC6C /* Assets.xcassets in Resources */,
			);
			runOnlyForDeploymentPostprocessing = 0;
		};
		009C4C7A1D9F0CD600F0BC6C /* Resources */ = {
			isa = PBXResourcesBuildPhase;
			buildActionMask = 2147483647;
			files = (
				2DA4FAF12922B83400EA77B3 /* TweetReplyingToTweetFixture.json in Resources */,
				2DA4FAFF2922E82100EA77B3 /* Empty.json in Resources */,
				2DA4FAE92922B0D800EA77B3 /* TimelineDTOFixture.json in Resources */,
				2DA4FAEF2922B76200EA77B3 /* TweetFixture.json in Resources */,
			);
			runOnlyForDeploymentPostprocessing = 0;
		};
		009C4C851D9F0CD600F0BC6C /* Resources */ = {
			isa = PBXResourcesBuildPhase;
			buildActionMask = 2147483647;
			files = (
			);
			runOnlyForDeploymentPostprocessing = 0;
		};
/* End PBXResourcesBuildPhase section */

/* Begin PBXSourcesBuildPhase section */
		009C4C641D9F0CD600F0BC6C /* Sources */ = {
			isa = PBXSourcesBuildPhase;
			buildActionMask = 2147483647;
			files = (
				2DA4FADB2922999D00EA77B3 /* TimelineDTO.swift in Sources */,
				2DA4FAF52922DA0300EA77B3 /* ReadContext.swift in Sources */,
				009C4C6E1D9F0CD600F0BC6C /* TimelineViewController.swift in Sources */,
				2DA4FB022922F02500EA77B3 /* TweetCell.swift in Sources */,
				009C4C6C1D9F0CD600F0BC6C /* AppDelegate.swift in Sources */,
				2DA4FB072923006200EA77B3 /* SceneDelegate.swift in Sources */,
				2DA4FAF72922DA8F00EA77B3 /* LocalTweetsContext.swift in Sources */,
				2DA4FADD29229B5900EA77B3 /* Tweet.swift in Sources */,
				2DA4FB052922F5CD00EA77B3 /* TimelineViewModel.swift in Sources */,
				2DA4FADF2922A6D700EA77B3 /* Author.swift in Sources */,
			);
			runOnlyForDeploymentPostprocessing = 0;
		};
		009C4C781D9F0CD600F0BC6C /* Sources */ = {
			isa = PBXSourcesBuildPhase;
			buildActionMask = 2147483647;
			files = (
				2DA4FAFD2922E5DF00EA77B3 /* XCTest+Additions.swift in Sources */,
				2DA4FAE62922AFB000EA77B3 /* TimelineDTOTests.swift in Sources */,
				2DA4FB16292976A500EA77B3 /* TweetCellTests.swift in Sources */,
				2DA4FAFA2922E15600EA77B3 /* LocalTweetsContextTests.swift in Sources */,
				2DA4FB0A2927EACC00EA77B3 /* TimelineViewControllerTests.swift in Sources */,
				2DA4FAEB2922B13100EA77B3 /* Fixtures.swift in Sources */,
				2DA4FB1329296E4200EA77B3 /* TimelineViewModelTests.swift in Sources */,
				2DA4FB0E2927F39900EA77B3 /* UIView+Additions.swift in Sources */,
				2DA4FAED2922B72C00EA77B3 /* TweetTests.swift in Sources */,
			);
			runOnlyForDeploymentPostprocessing = 0;
		};
		009C4C831D9F0CD600F0BC6C /* Sources */ = {
			isa = PBXSourcesBuildPhase;
			buildActionMask = 2147483647;
			files = (
				009C4C8C1D9F0CD600F0BC6C /* OpenTweetUITests.swift in Sources */,
			);
			runOnlyForDeploymentPostprocessing = 0;
		};
/* End PBXSourcesBuildPhase section */

/* Begin PBXTargetDependency section */
		009C4C7E1D9F0CD600F0BC6C /* PBXTargetDependency */ = {
			isa = PBXTargetDependency;
			target = 009C4C671D9F0CD600F0BC6C /* OpenTweet */;
			targetProxy = 009C4C7D1D9F0CD600F0BC6C /* PBXContainerItemProxy */;
		};
		009C4C891D9F0CD600F0BC6C /* PBXTargetDependency */ = {
			isa = PBXTargetDependency;
			target = 009C4C671D9F0CD600F0BC6C /* OpenTweet */;
			targetProxy = 009C4C881D9F0CD600F0BC6C /* PBXContainerItemProxy */;
		};
/* End PBXTargetDependency section */

/* Begin PBXVariantGroup section */
		009C4C741D9F0CD600F0BC6C /* LaunchScreen.storyboard */ = {
			isa = PBXVariantGroup;
			children = (
				009C4C751D9F0CD600F0BC6C /* Base */,
			);
			name = LaunchScreen.storyboard;
			sourceTree = "<group>";
		};
/* End PBXVariantGroup section */

/* Begin XCBuildConfiguration section */
		009C4C8E1D9F0CD600F0BC6C /* Debug */ = {
			isa = XCBuildConfiguration;
			buildSettings = {
				ALWAYS_SEARCH_USER_PATHS = NO;
				CLANG_ANALYZER_LOCALIZABILITY_NONLOCALIZED = YES;
				CLANG_ANALYZER_NONNULL = YES;
				CLANG_CXX_LANGUAGE_STANDARD = "gnu++0x";
				CLANG_CXX_LIBRARY = "libc++";
				CLANG_ENABLE_MODULES = YES;
				CLANG_ENABLE_OBJC_ARC = YES;
				CLANG_WARN_BLOCK_CAPTURE_AUTORELEASING = YES;
				CLANG_WARN_BOOL_CONVERSION = YES;
				CLANG_WARN_COMMA = YES;
				CLANG_WARN_CONSTANT_CONVERSION = YES;
				CLANG_WARN_DEPRECATED_OBJC_IMPLEMENTATIONS = YES;
				CLANG_WARN_DIRECT_OBJC_ISA_USAGE = YES_ERROR;
				CLANG_WARN_DOCUMENTATION_COMMENTS = YES;
				CLANG_WARN_EMPTY_BODY = YES;
				CLANG_WARN_ENUM_CONVERSION = YES;
				CLANG_WARN_INFINITE_RECURSION = YES;
				CLANG_WARN_INT_CONVERSION = YES;
				CLANG_WARN_NON_LITERAL_NULL_CONVERSION = YES;
				CLANG_WARN_OBJC_IMPLICIT_RETAIN_SELF = YES;
				CLANG_WARN_OBJC_LITERAL_CONVERSION = YES;
				CLANG_WARN_OBJC_ROOT_CLASS = YES_ERROR;
				CLANG_WARN_QUOTED_INCLUDE_IN_FRAMEWORK_HEADER = YES;
				CLANG_WARN_RANGE_LOOP_ANALYSIS = YES;
				CLANG_WARN_STRICT_PROTOTYPES = YES;
				CLANG_WARN_SUSPICIOUS_MOVE = YES;
				CLANG_WARN_SUSPICIOUS_MOVES = YES;
				CLANG_WARN_UNREACHABLE_CODE = YES;
				CLANG_WARN__DUPLICATE_METHOD_MATCH = YES;
				"CODE_SIGN_IDENTITY[sdk=iphoneos*]" = "iPhone Developer";
				COPY_PHASE_STRIP = NO;
				DEBUG_INFORMATION_FORMAT = dwarf;
				ENABLE_STRICT_OBJC_MSGSEND = YES;
				ENABLE_TESTABILITY = YES;
				GCC_C_LANGUAGE_STANDARD = gnu99;
				GCC_DYNAMIC_NO_PIC = NO;
				GCC_NO_COMMON_BLOCKS = YES;
				GCC_OPTIMIZATION_LEVEL = 0;
				GCC_PREPROCESSOR_DEFINITIONS = (
					"DEBUG=1",
					"$(inherited)",
				);
				GCC_WARN_64_TO_32_BIT_CONVERSION = YES;
				GCC_WARN_ABOUT_RETURN_TYPE = YES_ERROR;
				GCC_WARN_UNDECLARED_SELECTOR = YES;
				GCC_WARN_UNINITIALIZED_AUTOS = YES_AGGRESSIVE;
				GCC_WARN_UNUSED_FUNCTION = YES;
				GCC_WARN_UNUSED_VARIABLE = YES;
				IPHONEOS_DEPLOYMENT_TARGET = 12.0;
				MTL_ENABLE_DEBUG_INFO = YES;
				ONLY_ACTIVE_ARCH = YES;
				SDKROOT = iphoneos;
				SWIFT_ACTIVE_COMPILATION_CONDITIONS = DEBUG;
				SWIFT_OPTIMIZATION_LEVEL = "-Onone";
				TARGETED_DEVICE_FAMILY = "1,2";
			};
			name = Debug;
		};
		009C4C8F1D9F0CD600F0BC6C /* Release */ = {
			isa = XCBuildConfiguration;
			buildSettings = {
				ALWAYS_SEARCH_USER_PATHS = NO;
				CLANG_ANALYZER_LOCALIZABILITY_NONLOCALIZED = YES;
				CLANG_ANALYZER_NONNULL = YES;
				CLANG_CXX_LANGUAGE_STANDARD = "gnu++0x";
				CLANG_CXX_LIBRARY = "libc++";
				CLANG_ENABLE_MODULES = YES;
				CLANG_ENABLE_OBJC_ARC = YES;
				CLANG_WARN_BLOCK_CAPTURE_AUTORELEASING = YES;
				CLANG_WARN_BOOL_CONVERSION = YES;
				CLANG_WARN_COMMA = YES;
				CLANG_WARN_CONSTANT_CONVERSION = YES;
				CLANG_WARN_DEPRECATED_OBJC_IMPLEMENTATIONS = YES;
				CLANG_WARN_DIRECT_OBJC_ISA_USAGE = YES_ERROR;
				CLANG_WARN_DOCUMENTATION_COMMENTS = YES;
				CLANG_WARN_EMPTY_BODY = YES;
				CLANG_WARN_ENUM_CONVERSION = YES;
				CLANG_WARN_INFINITE_RECURSION = YES;
				CLANG_WARN_INT_CONVERSION = YES;
				CLANG_WARN_NON_LITERAL_NULL_CONVERSION = YES;
				CLANG_WARN_OBJC_IMPLICIT_RETAIN_SELF = YES;
				CLANG_WARN_OBJC_LITERAL_CONVERSION = YES;
				CLANG_WARN_OBJC_ROOT_CLASS = YES_ERROR;
				CLANG_WARN_QUOTED_INCLUDE_IN_FRAMEWORK_HEADER = YES;
				CLANG_WARN_RANGE_LOOP_ANALYSIS = YES;
				CLANG_WARN_STRICT_PROTOTYPES = YES;
				CLANG_WARN_SUSPICIOUS_MOVE = YES;
				CLANG_WARN_SUSPICIOUS_MOVES = YES;
				CLANG_WARN_UNREACHABLE_CODE = YES;
				CLANG_WARN__DUPLICATE_METHOD_MATCH = YES;
				"CODE_SIGN_IDENTITY[sdk=iphoneos*]" = "iPhone Developer";
				COPY_PHASE_STRIP = NO;
				DEBUG_INFORMATION_FORMAT = "dwarf-with-dsym";
				ENABLE_NS_ASSERTIONS = NO;
				ENABLE_STRICT_OBJC_MSGSEND = YES;
				GCC_C_LANGUAGE_STANDARD = gnu99;
				GCC_NO_COMMON_BLOCKS = YES;
				GCC_WARN_64_TO_32_BIT_CONVERSION = YES;
				GCC_WARN_ABOUT_RETURN_TYPE = YES_ERROR;
				GCC_WARN_UNDECLARED_SELECTOR = YES;
				GCC_WARN_UNINITIALIZED_AUTOS = YES_AGGRESSIVE;
				GCC_WARN_UNUSED_FUNCTION = YES;
				GCC_WARN_UNUSED_VARIABLE = YES;
				IPHONEOS_DEPLOYMENT_TARGET = 12.0;
				MTL_ENABLE_DEBUG_INFO = NO;
				SDKROOT = iphoneos;
				SWIFT_OPTIMIZATION_LEVEL = "-Owholemodule";
				TARGETED_DEVICE_FAMILY = "1,2";
				VALIDATE_PRODUCT = YES;
			};
			name = Release;
		};
		009C4C911D9F0CD600F0BC6C /* Debug */ = {
			isa = XCBuildConfiguration;
			buildSettings = {
				ASSETCATALOG_COMPILER_APPICON_NAME = AppIcon;
				DEVELOPMENT_TEAM = QPU8QS3E62;
				INFOPLIST_FILE = OpenTweet/Info.plist;
				IPHONEOS_DEPLOYMENT_TARGET = 14.1;
				LD_RUNPATH_SEARCH_PATHS = "$(inherited) @executable_path/Frameworks";
				PRODUCT_BUNDLE_IDENTIFIER = com.opentable.OpenTweet;
				PRODUCT_NAME = "$(TARGET_NAME)";
				SWIFT_VERSION = 5.0;
			};
			name = Debug;
		};
		009C4C921D9F0CD600F0BC6C /* Release */ = {
			isa = XCBuildConfiguration;
			buildSettings = {
				ASSETCATALOG_COMPILER_APPICON_NAME = AppIcon;
				DEVELOPMENT_TEAM = QPU8QS3E62;
				INFOPLIST_FILE = OpenTweet/Info.plist;
				IPHONEOS_DEPLOYMENT_TARGET = 14.1;
				LD_RUNPATH_SEARCH_PATHS = "$(inherited) @executable_path/Frameworks";
				PRODUCT_BUNDLE_IDENTIFIER = com.opentable.OpenTweet;
				PRODUCT_NAME = "$(TARGET_NAME)";
				SWIFT_VERSION = 5.0;
			};
			name = Release;
		};
		009C4C941D9F0CD600F0BC6C /* Debug */ = {
			isa = XCBuildConfiguration;
			buildSettings = {
				ALWAYS_EMBED_SWIFT_STANDARD_LIBRARIES = YES;
				BUNDLE_LOADER = "$(TEST_HOST)";
				DEVELOPMENT_TEAM = QPU8QS3E62;
				INFOPLIST_FILE = OpenTweetTests/Info.plist;
				IPHONEOS_DEPLOYMENT_TARGET = 14.1;
				LD_RUNPATH_SEARCH_PATHS = "$(inherited) @executable_path/Frameworks @loader_path/Frameworks";
				PRODUCT_BUNDLE_IDENTIFIER = com.opentable.OpenTweetTests;
				PRODUCT_NAME = "$(TARGET_NAME)";
				SWIFT_VERSION = 5.0;
				TEST_HOST = "$(BUILT_PRODUCTS_DIR)/OpenTweet.app/OpenTweet";
			};
			name = Debug;
		};
		009C4C951D9F0CD600F0BC6C /* Release */ = {
			isa = XCBuildConfiguration;
			buildSettings = {
				ALWAYS_EMBED_SWIFT_STANDARD_LIBRARIES = YES;
				BUNDLE_LOADER = "$(TEST_HOST)";
				DEVELOPMENT_TEAM = QPU8QS3E62;
				INFOPLIST_FILE = OpenTweetTests/Info.plist;
				IPHONEOS_DEPLOYMENT_TARGET = 14.1;
				LD_RUNPATH_SEARCH_PATHS = "$(inherited) @executable_path/Frameworks @loader_path/Frameworks";
				PRODUCT_BUNDLE_IDENTIFIER = com.opentable.OpenTweetTests;
				PRODUCT_NAME = "$(TARGET_NAME)";
				SWIFT_VERSION = 5.0;
				TEST_HOST = "$(BUILT_PRODUCTS_DIR)/OpenTweet.app/OpenTweet";
			};
			name = Release;
		};
		009C4C971D9F0CD600F0BC6C /* Debug */ = {
			isa = XCBuildConfiguration;
			buildSettings = {
				ALWAYS_EMBED_SWIFT_STANDARD_LIBRARIES = YES;
				DEVELOPMENT_TEAM = QPU8QS3E62;
				INFOPLIST_FILE = OpenTweetUITests/Info.plist;
				IPHONEOS_DEPLOYMENT_TARGET = 14.1;
				LD_RUNPATH_SEARCH_PATHS = "$(inherited) @executable_path/Frameworks @loader_path/Frameworks";
				PRODUCT_BUNDLE_IDENTIFIER = com.opentable.OpenTweetUITests;
				PRODUCT_NAME = "$(TARGET_NAME)";
				SWIFT_VERSION = 5.0;
				TEST_TARGET_NAME = OpenTweet;
			};
			name = Debug;
		};
		009C4C981D9F0CD600F0BC6C /* Release */ = {
			isa = XCBuildConfiguration;
			buildSettings = {
				ALWAYS_EMBED_SWIFT_STANDARD_LIBRARIES = YES;
				DEVELOPMENT_TEAM = QPU8QS3E62;
				INFOPLIST_FILE = OpenTweetUITests/Info.plist;
				IPHONEOS_DEPLOYMENT_TARGET = 14.1;
				LD_RUNPATH_SEARCH_PATHS = "$(inherited) @executable_path/Frameworks @loader_path/Frameworks";
				PRODUCT_BUNDLE_IDENTIFIER = com.opentable.OpenTweetUITests;
				PRODUCT_NAME = "$(TARGET_NAME)";
				SWIFT_VERSION = 5.0;
				TEST_TARGET_NAME = OpenTweet;
			};
			name = Release;
		};
/* End XCBuildConfiguration section */

/* Begin XCConfigurationList section */
		009C4C631D9F0CD600F0BC6C /* Build configuration list for PBXProject "OpenTweet" */ = {
			isa = XCConfigurationList;
			buildConfigurations = (
				009C4C8E1D9F0CD600F0BC6C /* Debug */,
				009C4C8F1D9F0CD600F0BC6C /* Release */,
			);
			defaultConfigurationIsVisible = 0;
			defaultConfigurationName = Release;
		};
		009C4C901D9F0CD600F0BC6C /* Build configuration list for PBXNativeTarget "OpenTweet" */ = {
			isa = XCConfigurationList;
			buildConfigurations = (
				009C4C911D9F0CD600F0BC6C /* Debug */,
				009C4C921D9F0CD600F0BC6C /* Release */,
			);
			defaultConfigurationIsVisible = 0;
			defaultConfigurationName = Release;
		};
		009C4C931D9F0CD600F0BC6C /* Build configuration list for PBXNativeTarget "OpenTweetTests" */ = {
			isa = XCConfigurationList;
			buildConfigurations = (
				009C4C941D9F0CD600F0BC6C /* Debug */,
				009C4C951D9F0CD600F0BC6C /* Release */,
			);
			defaultConfigurationIsVisible = 0;
			defaultConfigurationName = Release;
		};
		009C4C961D9F0CD600F0BC6C /* Build configuration list for PBXNativeTarget "OpenTweetUITests" */ = {
			isa = XCConfigurationList;
			buildConfigurations = (
				009C4C971D9F0CD600F0BC6C /* Debug */,
				009C4C981D9F0CD600F0BC6C /* Release */,
			);
			defaultConfigurationIsVisible = 0;
			defaultConfigurationName = Release;
		};
/* End XCConfigurationList section */
	};
	rootObject = 009C4C601D9F0CD600F0BC6C /* Project object */;
}
